{
  "name": "trek-captcha",
  "version": "1.0.0",
  "lockfileVersion": 2,
  "requires": true,
  "packages": {
    "": {
      "name": "trek-captcha",
      "version": "1.0.0",
      "license": "ISC",
      "dependencies": {
        "captchapng": "^0.0.1"
      }
    },
    "node_modules/captchapng": {
      "version": "0.0.1",
      "resolved": "https://registry.npmjs.org/captchapng/-/captchapng-0.0.1.tgz",
      "integrity": "sha1-F2BdQHb+xjcHkQYaqBQ5nhjIk+o=",
      "dependencies": {
        "pnglib": ""
      }
    },
    "node_modules/pnglib": {
      "version": "0.0.1",
      "resolved": "https://registry.npmjs.org/pnglib/-/pnglib-0.0.1.tgz",
      "integrity": "sha1-+atvnGiPSp1Xmti+KIeKcW4wwJY="
    }
  },
  "dependencies": {
    "captchapng": {
      "version": "0.0.1",
      "resolved": "https://registry.npmjs.org/captchapng/-/captchapng-0.0.1.tgz",
      "integrity": "sha1-F2BdQHb+xjcHkQYaqBQ5nhjIk+o=",
      "requires": {
        "pnglib": ""
      }
    },
    "pnglib": {
      "version": "0.0.1",
      "resolved": "https://registry.npmjs.org/pnglib/-/pnglib-0.0.1.tgz",
      "integrity": "sha1-+atvnGiPSp1Xmti+KIeKcW4wwJY="
    }
  }
}
